{
  "nodes": {
    "flake-utils": {
      "locked": {
        "lastModified": 1656928814,
        "narHash": "sha256-RIFfgBuKz6Hp89yRr7+NR5tzIAbn52h8vT6vXkYjZoM=",
        "owner": "numtide",
        "repo": "flake-utils",
        "rev": "7e2a3b3dfd9af950a856d66b0a7d01e3c18aa249",
        "type": "github"
      },
      "original": {
        "owner": "numtide",
        "repo": "flake-utils",
        "type": "github"
      }
    },
    "flake-utils_2": {
      "locked": {
        "lastModified": 1656065134,
        "narHash": "sha256-oc6E6ByIw3oJaIyc67maaFcnjYOz1mMcOtHxbEf9NwQ=",
        "owner": "numtide",
        "repo": "flake-utils",
        "rev": "bee6a7250dd1b01844a2de7e02e4df7d8a0a206c",
        "type": "github"
      },
      "original": {
        "owner": "numtide",
        "repo": "flake-utils",
        "type": "github"
      }
    },
    "nixpkgs": {
      "locked": {
        "lastModified": 1657020478,
        "narHash": "sha256-sU5hXEGcOcvz2xoPAuNLBQJLXjwvPpTkoddyXE8gw20=",
        "owner": "nixos",
        "repo": "nixpkgs",
        "rev": "71a4f0dc3d80ba76f437c888c1c3d59f1df98163",
        "type": "github"
      },
      "original": {
        "owner": "nixos",
        "ref": "nixos-unstable",
        "repo": "nixpkgs",
        "type": "github"
      }
    },
    "nixpkgs_2": {
      "locked": {
        "lastModified": 1656401090,
        "narHash": "sha256-bUS2nfQsvTQW2z8SK7oEFSElbmoBahOPtbXPm0AL3I4=",
        "owner": "NixOS",
        "repo": "nixpkgs",
        "rev": "16de63fcc54e88b9a106a603038dd5dd2feb21eb",
        "type": "github"
      },
      "original": {
        "owner": "NixOS",
        "ref": "nixpkgs-unstable",
        "repo": "nixpkgs",
        "type": "github"
      }
    },
    "root": {
      "inputs": {
        "flake-utils": "flake-utils",
        "nixpkgs": "nixpkgs",
        "rust-overlay": "rust-overlay",
        "tezos": "tezos"
      }
    },
    "rust-overlay": {
      "inputs": {
        "flake-utils": "flake-utils_2",
        "nixpkgs": "nixpkgs_2"
      },
      "locked": {
        "lastModified": 1657075953,
        "narHash": "sha256-xVgbASGI/wODPpUiMexxZau+XDVOZMBbFmw2KsZyFKA=",
        "owner": "oxalica",
        "repo": "rust-overlay",
        "rev": "339de634e6f19e420e81d5a6acaa39364a726999",
        "type": "github"
      },
      "original": {
        "owner": "oxalica",
        "repo": "rust-overlay",
        "type": "github"
      }
    },
    "tezos": {
      "inputs": {
        "flake-utils": [
          "flake-utils"
        ],
        "nixpkgs": [
          "nixpkgs"
        ],
        "tezos_release": "tezos_release",
        "tezos_trunk": "tezos_trunk"
      },
      "locked": {
        "lastModified": 1656683762,
        "narHash": "sha256-ckZYVPgyCTuwJZqPRptMMX2nBo3zMSh7Nx7enJfOJ7g=",
        "owner": "marigold-dev",
        "repo": "tezos-nix",
        "rev": "cb59263407a451eeb4b8e4064c8837bccf4c2e4e",
        "type": "github"
      },
      "original": {
        "owner": "marigold-dev",
        "repo": "tezos-nix",
        "type": "github"
      }
    },
    "tezos_release": {
      "flake": false,
      "locked": {
        "lastModified": 1651744524,
        "narHash": "sha256-AEY/m3c+6Yo/gqzO+4vzExQ20ICleIUsSFO1qWTO/OI=",
        "owner": "tezos",
        "repo": "tezos",
        "rev": "cb9f439e58c761e76ade589d1cdbd2abb737dc68",
        "type": "gitlab"
      },
      "original": {
        "owner": "tezos",
        "ref": "v13.0",
        "repo": "tezos",
        "type": "gitlab"
      }
    },
    "tezos_trunk": {
      "flake": false,
      "locked": {
        "lastModified": 1656577193,
        "narHash": "sha256-k1wzmuXVY7rm45zkNznLEXeaqM8v789Kzam0xaoXvlI=",
        "owner": "tezos",
        "repo": "tezos",
        "rev": "3829de24b026457d4e6995c21484849e1972f26d",
        "type": "gitlab"
      },
      "original": {
        "owner": "tezos",
        "repo": "tezos",
        "type": "gitlab"
      }
    }
  },
  "root": "root",
  "version": 7
}
